// !$*UTF8*$!
{
	archiveVersion = 1;
	classes = {
	};
	objectVersion = 77;
	objects = {

/* Begin PBXBuildFile section */
		10855DFC2F7170AF0092D2F3 /* GoogleService-Info.plist in Resources */ = {isa = PBXBuildFile; fileRef = 10855DFB2F7170AF0092D2F3 /* GoogleService-Info.plist */; };
		10855E012F7171DB0092D2F3 /* FirebaseAnalyticsCore in Frameworks */ = {isa = PBXBuildFile; productRef = 10855E002F7171DB0092D2F3 /* FirebaseAnalyticsCore */; };
		10855E032F7171DB0092D2F3 /* FirebaseAnalyticsIdentitySupport in Frameworks */ = {isa = PBXBuildFile; productRef = 10855E022F7171DB0092D2F3 /* FirebaseAnalyticsIdentitySupport */; };
		10855E092F7171DB0092D2F3 /* FirebaseCore in Frameworks */ = {isa = PBXBuildFile; productRef = 10855E082F7171DB0092D2F3 /* FirebaseCore */; };
		10855E0B2F7171DB0092D2F3 /* FirebaseCrashlytics in Frameworks */ = {isa = PBXBuildFile; productRef = 10855E0A2F7171DB0092D2F3 /* FirebaseCrashlytics */; };
		10855E0D2F7171DB0092D2F3 /* FirebaseDatabase in Frameworks */ = {isa = PBXBuildFile; productRef = 10855E0C2F7171DB0092D2F3 /* FirebaseDatabase */; };
		10855E0F2F7171DB0092D2F3 /* FirebaseFirestore in Frameworks */ = {isa = PBXBuildFile; productRef = 10855E0E2F7171DB0092D2F3 /* FirebaseFirestore */; };
		10855E112F7171DB0092D2F3 /* FirebaseFirestoreCombine-Community in Frameworks */ = {isa = PBXBuildFile; productRef = 10855E102F7171DB0092D2F3 /* FirebaseFirestoreCombine-Community */; };
		10855E132F7171DB0092D2F3 /* FirebaseFunctions in Frameworks */ = {isa = PBXBuildFile; productRef = 10855E122F7171DB0092D2F3 /* FirebaseFunctions */; };
		10855E1A2F7172A20092D2F3 /* FirebaseAnalytics in Frameworks */ = {isa = PBXBuildFile; productRef = 10855E192F7172A20092D2F3 /* FirebaseAnalytics */; };
		10855E1C2F7172CF0092D2F3 /* FirebaseAuthCombine-Community in Frameworks */ = {isa = PBXBuildFile; productRef = 10855E1B2F7172CF0092D2F3 /* FirebaseAuthCombine-Community */; };
		10C11D142F7281530062CDD7 /* FirebaseAuth in Frameworks */ = {isa = PBXBuildFile; productRef = 10C11D132F7281530062CDD7 /* FirebaseAuth */; };
/* End PBXBuildFile section */

/* Begin PBXFileReference section */
		10855DFB2F7170AF0092D2F3 /* GoogleService-Info.plist */ = {isa = PBXFileReference; lastKnownFileType = text.plist.xml; path = "GoogleService-Info.plist"; sourceTree = "<group>"; };
		10A19A972F615CFC003E44BD /* Batch25_10.app */ = {isa = PBXFileReference; explicitFileType = wrapper.application; includeInIndex = 0; path = Batch25_10.app; sourceTree = BUILT_PRODUCTS_DIR; };
/* End PBXFileReference section */

/* Begin PBXFileSystemSynchronizedRootGroup section */
		10A19A992F615CFC003E44BD /* Batch25_10 */ = {
			isa = PBXFileSystemSynchronizedRootGroup;
			path = Batch25_10;
			sourceTree = "<group>";
		};
/* End PBXFileSystemSynchronizedRootGroup section */

/* Begin PBXFrameworksBuildPhase section */
		10A19A942F615CFC003E44BD /* Frameworks */ = {
			isa = PBXFrameworksBuildPhase;
			buildActionMask = 2147483647;
			files = (
				10855E012F7171DB0092D2F3 /* FirebaseAnalyticsCore in Frameworks */,
				10855E032F7171DB0092D2F3 /* FirebaseAnalyticsIdentitySupport in Frameworks */,
				10855E112F7171DB0092D2F3 /* FirebaseFirestoreCombine-Community in Frameworks */,
				10855E0B2F7171DB0092D2F3 /* FirebaseCrashlytics in Frameworks */,
				10855E0F2F7171DB0092D2F3 /* FirebaseFirestore in Frameworks */,
				10855E1C2F7172CF0092D2F3 /* FirebaseAuthCombine-Community in Frameworks */,
				10855E1A2F7172A20092D2F3 /* FirebaseAnalytics in Frameworks */,
				10C11D142F7281530062CDD7 /* FirebaseAuth in Frameworks */,
				10855E092F7171DB0092D2F3 /* FirebaseCore in Frameworks */,
				10855E0D2F7171DB0092D2F3 /* FirebaseDatabase in Frameworks */,
				10855E132F7171DB0092D2F3 /* FirebaseFunctions in Frameworks */,
			);
			runOnlyForDeploymentPostprocessing = 0;
		};
/* End PBXFrameworksBuildPhase section */

/* Begin PBXGroup section */
		10855E182F7172A20092D2F3 /* Frameworks */ = {
			isa = PBXGroup;
			children = (
			);
			name = Frameworks;
			sourceTree = "<group>";
		};
		10A19A8E2F615CFC003E44BD = {
			isa = PBXGroup;
			children = (
				10A19A992F615CFC003E44BD /* Batch25_10 */,
				10A19A982F615CFC003E44BD /* Products */,
				10855DFB2F7170AF0092D2F3 /* GoogleService-Info.plist */,
				10855E182F7172A20092D2F3 /* Frameworks */,
			);
			sourceTree = "<group>";
		};
		10A19A982F615CFC003E44BD /* Products */ = {
			isa = PBXGroup;
			children = (
				10A19A972F615CFC003E44BD /* Batch25_10.app */,
			);
			name = Products;
			sourceTree = "<group>";
		};
/* End PBXGroup section */

/* Begin PBXNativeTarget section */
		10A19A962F615CFC003E44BD /* Batch25_10 */ = {
			isa = PBXNativeTarget;
			buildConfigurationList = 10A19AA22F615CFD003E44BD /* Build configuration list for PBXNativeTarget "Batch25_10" */;
			buildPhases = (
				10A19A932F615CFC003E44BD /* Sources */,
				10A19A942F615CFC003E44BD /* Frameworks */,
				10A19A952F615CFC003E44BD /* Resources */,
			);
			buildRules = (
			);
			dependencies = (
			);
			fileSystemSynchronizedGroups = (
				10A19A992F615CFC003E44BD /* Batch25_10 */,
			);
			name = Batch25_10;
			packageProductDependencies = (
				10855E002F7171DB0092D2F3 /* FirebaseAnalyticsCore */,
				10855E022F7171DB0092D2F3 /* FirebaseAnalyticsIdentitySupport */,
				10855E082F7171DB0092D2F3 /* FirebaseCore */,
				10855E0A2F7171DB0092D2F3 /* FirebaseCrashlytics */,
				10855E0C2F7171DB0092D2F3 /* FirebaseDatabase */,
				10855E0E2F7171DB0092D2F3 /* FirebaseFirestore */,
				10855E102F7171DB0092D2F3 /* FirebaseFirestoreCombine-Community */,
				10855E122F7171DB0092D2F3 /* FirebaseFunctions */,
				10855E192F7172A20092D2F3 /* FirebaseAnalytics */,
				10855E1B2F7172CF0092D2F3 /* FirebaseAuthCombine-Community */,
				10C11D132F7281530062CDD7 /* FirebaseAuth */,
			);
			productName = Batch25_10;
			productReference = 10A19A972F615CFC003E44BD /* Batch25_10.app */;
			productType = "com.apple.product-type.application";
		};
/* End PBXNativeTarget section */

/* Begin PBXProject section */
		10A19A8F2F615CFC003E44BD /* Project object */ = {
			isa = PBXProject;
			attributes = {
				BuildIndependentTargetsInParallel = 1;
				LastSwiftUpdateCheck = 2600;
				LastUpgradeCheck = 2600;
				TargetAttributes = {
					10A19A962F615CFC003E44BD = {
						CreatedOnToolsVersion = 26.0;
					};
				};
			};
			buildConfigurationList = 10A19A922F615CFC003E44BD /* Build configuration list for PBXProject "Batch25_10" */;
			developmentRegion = en;
			hasScannedForEncodings = 0;
			knownRegions = (
				en,
				Base,
			);
			mainGroup = 10A19A8E2F615CFC003E44BD;
			minimizedProjectReferenceProxies = 1;
			packageReferences = (
				10855DFD2F7171DB0092D2F3 /* XCRemoteSwiftPackageReference "firebase-ios-sdk" */,
			);
			preferredProjectObjectVersion = 77;
			productRefGroup = 10A19A982F615CFC003E44BD /* Products */;
			projectDirPath = "";
			projectRoot = "";
			targets = (
				10A19A962F615CFC003E44BD /* Batch25_10 */,
			);
		};
/* End PBXProject section */

/* Begin PBXResourcesBuildPhase section */
		10A19A952F615CFC003E44BD /* Resources */ = {
			isa = PBXResourcesBuildPhase;
			buildActionMask = 2147483647;
			files = (
				10855DFC2F7170AF0092D2F3 /* GoogleService-Info.plist in Resources */,
			);
			runOnlyForDeploymentPostprocessing = 0;
		};
/* End PBXResourcesBuildPhase section */

/* Begin PBXSourcesBuildPhase section */
		10A19A932F615CFC003E44BD /* Sources */ = {
			isa = PBXSourcesBuildPhase;
			buildActionMask = 2147483647;
			files = (
			);
			runOnlyForDeploymentPostprocessing = 0;
		};
/* End PBXSourcesBuildPhase section */

/* Begin XCBuildConfiguration section */
		10A19AA02F615CFD003E44BD /* Debug */ = {
			isa = XCBuildConfiguration;
			buildSettings = {
				ALWAYS_SEARCH_USER_PATHS = NO;
				ASSETCATALOG_COMPILER_GENERATE_SWIFT_ASSET_SYMBOL_EXTENSIONS = YES;
				CLANG_ANALYZER_NONNULL = YES;
				CLANG_ANALYZER_NUMBER_OBJECT_CONVERSION = YES_AGGRESSIVE;
				CLANG_CXX_LANGUAGE_STANDARD = "gnu++20";
				CLANG_ENABLE_MODULES = YES;
				CLANG_ENABLE_OBJC_ARC = YES;
				CLANG_ENABLE_OBJC_WEAK = YES;
				CLANG_WARN_BLOCK_CAPTURE_AUTORELEASING = YES;
				CLANG_WARN_BOOL_CONVERSION = YES;
				CLANG_WARN_COMMA = YES;
				CLANG_WARN_CONSTANT_CONVERSION = YES;
				CLANG_WARN_DEPRECATED_OBJC_IMPLEMENTATIONS = YES;
				CLANG_WARN_DIRECT_OBJC_ISA_USAGE = YES_ERROR;
				CLANG_WARN_DOCUMENTATION_COMMENTS = YES;
				CLANG_WARN_EMPTY_BODY = YES;
				CLANG_WARN_ENUM_CONVERSION = YES;
				CLANG_WARN_INFINITE_RECURSION = YES;
				CLANG_WARN_INT_CONVERSION = YES;
				CLANG_WARN_NON_LITERAL_NULL_CONVERSION = YES;
				CLANG_WARN_OBJC_IMPLICIT_RETAIN_SELF = YES;
				CLANG_WARN_OBJC_LITERAL_CONVERSION = YES;
				CLANG_WARN_OBJC_ROOT_CLASS = YES_ERROR;
				CLANG_WARN_QUOTED_INCLUDE_IN_FRAMEWORK_HEADER = YES;
				CLANG_WARN_RANGE_LOOP_ANALYSIS = YES;
				CLANG_WARN_STRICT_PROTOTYPES = YES;
				CLANG_WARN_SUSPICIOUS_MOVE = YES;
				CLANG_WARN_UNGUARDED_AVAILABILITY = YES_AGGRESSIVE;
				CLANG_WARN_UNREACHABLE_CODE = YES;
				CLANG_WARN__DUPLICATE_METHOD_MATCH = YES;
				COPY_PHASE_STRIP = NO;
				DEBUG_INFORMATION_FORMAT = dwarf;
				DEVELOPMENT_TEAM = DTV8J7PWFT;
				ENABLE_STRICT_OBJC_MSGSEND = YES;
				ENABLE_TESTABILITY = YES;
				ENABLE_USER_SCRIPT_SANDBOXING = YES;
				GCC_C_LANGUAGE_STANDARD = gnu17;
				GCC_DYNAMIC_NO_PIC = NO;
				GCC_NO_COMMON_BLOCKS = YES;
				GCC_OPTIMIZATION_LEVEL = 0;
				GCC_PREPROCESSOR_DEFINITIONS = (
					"DEBUG=1",
					"$(inherited)",
				);
				GCC_WARN_64_TO_32_BIT_CONVERSION = YES;
				GCC_WARN_ABOUT_RETURN_TYPE = YES_ERROR;
				GCC_WARN_UNDECLARED_SELECTOR = YES;
				GCC_WARN_UNINITIALIZED_AUTOS = YES_AGGRESSIVE;
				GCC_WARN_UNUSED_FUNCTION = YES;
				GCC_WARN_UNUSED_VARIABLE = YES;
				IPHONEOS_DEPLOYMENT_TARGET = 26.0;
				LOCALIZATION_PREFERS_STRING_CATALOGS = YES;
				MTL_ENABLE_DEBUG_INFO = INCLUDE_SOURCE;
				MTL_FAST_MATH = YES;
				ONLY_ACTIVE_ARCH = YES;
				SDKROOT = iphoneos;
				SWIFT_ACTIVE_COMPILATION_CONDITIONS = "DEBUG $(inherited)";
				SWIFT_OPTIMIZATION_LEVEL = "-Onone";
			};
			name = Debug;
		};
		10A19AA12F615CFD003E44BD /* Release */ = {
			isa = XCBuildConfiguration;
			buildSettings = {
				ALWAYS_SEARCH_USER_PATHS = NO;
				ASSETCATALOG_COMPILER_GENERATE_SWIFT_ASSET_SYMBOL_EXTENSIONS = YES;
				CLANG_ANALYZER_NONNULL = YES;
				CLANG_ANALYZER_NUMBER_OBJECT_CONVERSION = YES_AGGRESSIVE;
				CLANG_CXX_LANGUAGE_STANDARD = "gnu++20";
				CLANG_ENABLE_MODULES = YES;
				CLANG_ENABLE_OBJC_ARC = YES;
				CLANG_ENABLE_OBJC_WEAK = YES;
				CLANG_WARN_BLOCK_CAPTURE_AUTORELEASING = YES;
				CLANG_WARN_BOOL_CONVERSION = YES;
				CLANG_WARN_COMMA = YES;
				CLANG_WARN_CONSTANT_CONVERSION = YES;
				CLANG_WARN_DEPRECATED_OBJC_IMPLEMENTATIONS = YES;
				CLANG_WARN_DIRECT_OBJC_ISA_USAGE = YES_ERROR;
				CLANG_WARN_DOCUMENTATION_COMMENTS = YES;
				CLANG_WARN_EMPTY_BODY = YES;
				CLANG_WARN_ENUM_CONVERSION = YES;
				CLANG_WARN_INFINITE_RECURSION = YES;
				CLANG_WARN_INT_CONVERSION = YES;
				CLANG_WARN_NON_LITERAL_NULL_CONVERSION = YES;
				CLANG_WARN_OBJC_IMPLICIT_RETAIN_SELF = YES;
				CLANG_WARN_OBJC_LITERAL_CONVERSION = YES;
				CLANG_WARN_OBJC_ROOT_CLASS = YES_ERROR;
				CLANG_WARN_QUOTED_INCLUDE_IN_FRAMEWORK_HEADER = YES;
				CLANG_WARN_RANGE_LOOP_ANALYSIS = YES;
				CLANG_WARN_STRICT_PROTOTYPES = YES;
				CLANG_WARN_SUSPICIOUS_MOVE = YES;
				CLANG_WARN_UNGUARDED_AVAILABILITY = YES_AGGRESSIVE;
				CLANG_WARN_UNREACHABLE_CODE = YES;
				CLANG_WARN__DUPLICATE_METHOD_MATCH = YES;
				COPY_PHASE_STRIP = NO;
				DEBUG_INFORMATION_FORMAT = "dwarf-with-dsym";
				DEVELOPMENT_TEAM = DTV8J7PWFT;
				ENABLE_NS_ASSERTIONS = NO;
				ENABLE_STRICT_OBJC_MSGSEND = YES;
				ENABLE_USER_SCRIPT_SANDBOXING = YES;
				GCC_C_LANGUAGE_STANDARD = gnu17;
				GCC_NO_COMMON_BLOCKS = YES;
				GCC_WARN_64_TO_32_BIT_CONVERSION = YES;
				GCC_WARN_ABOUT_RETURN_TYPE = YES_ERROR;
				GCC_WARN_UNDECLARED_SELECTOR = YES;
				GCC_WARN_UNINITIALIZED_AUTOS = YES_AGGRESSIVE;
				GCC_WARN_UNUSED_FUNCTION = YES;
				GCC_WARN_UNUSED_VARIABLE = YES;
				IPHONEOS_DEPLOYMENT_TARGET = 26.0;
				LOCALIZATION_PREFERS_STRING_CATALOGS = YES;
				MTL_ENABLE_DEBUG_INFO = NO;
				MTL_FAST_MATH = YES;
				SDKROOT = iphoneos;
				SWIFT_COMPILATION_MODE = wholemodule;
				VALIDATE_PRODUCT = YES;
			};
			name = Release;
		};
		10A19AA32F615CFD003E44BD /* Debug */ = {
			isa = XCBuildConfiguration;
			buildSettings = {
				ASSETCATALOG_COMPILER_APPICON_NAME = AppIcon;
				ASSETCATALOG_COMPILER_GLOBAL_ACCENT_COLOR_NAME = AccentColor;
				CODE_SIGN_STYLE = Automatic;
				CURRENT_PROJECT_VERSION = 1;
				DEVELOPMENT_TEAM = DTV8J7PWFT;
				ENABLE_PREVIEWS = YES;
				GENERATE_INFOPLIST_FILE = YES;
				INFOPLIST_KEY_UIApplicationSceneManifest_Generation = YES;
				INFOPLIST_KEY_UIApplicationSupportsIndirectInputEvents = YES;
				INFOPLIST_KEY_UILaunchScreen_Generation = YES;
				INFOPLIST_KEY_UISupportedInterfaceOrientations_iPad = "UIInterfaceOrientationPortrait UIInterfaceOrientationPortraitUpsideDown UIInterfaceOrientationLandscapeLeft UIInterfaceOrientationLandscapeRight";
				INFOPLIST_KEY_UISupportedInterfaceOrientations_iPhone = "UIInterfaceOrientationPortrait UIInterfaceOrientationLandscapeLeft UIInterfaceOrientationLandscapeRight";
				IPHONEOS_DEPLOYMENT_TARGET = 26.0;
				LD_RUNPATH_SEARCH_PATHS = (
					"$(inherited)",
					"@executable_path/Frameworks",
				);
				MARKETING_VERSION = 1.0;
				PRODUCT_BUNDLE_IDENTIFIER = "dawhambam.Batch25-10";
				PRODUCT_NAME = "$(TARGET_NAME)";
				STRING_CATALOG_GENERATE_SYMBOLS = YES;
				SWIFT_APPROACHABLE_CONCURRENCY = YES;
				SWIFT_DEFAULT_ACTOR_ISOLATION = MainActor;
				SWIFT_EMIT_LOC_STRINGS = YES;
				SWIFT_UPCOMING_FEATURE_MEMBER_IMPORT_VISIBILITY = YES;
				SWIFT_VERSION = 5.0;
				TARGETED_DEVICE_FAMILY = "1,2";
			};
			name = Debug;
		};
		10A19AA42F615CFD003E44BD /* Release */ = {
			isa = XCBuildConfiguration;
			buildSettings = {
				ASSETCATALOG_COMPILER_APPICON_NAME = AppIcon;
				ASSETCATALOG_COMPILER_GLOBAL_ACCENT_COLOR_NAME = AccentColor;
				CODE_SIGN_STYLE = Automatic;
				CURRENT_PROJECT_VERSION = 1;
				DEVELOPMENT_TEAM = DTV8J7PWFT;
				ENABLE_PREVIEWS = YES;
				GENERATE_INFOPLIST_FILE = YES;
				INFOPLIST_KEY_UIApplicationSceneManifest_Generation = YES;
				INFOPLIST_KEY_UIApplicationSupportsIndirectInputEvents = YES;
				INFOPLIST_KEY_UILaunchScreen_Generation = YES;
				INFOPLIST_KEY_UISupportedInterfaceOrientations_iPad = "UIInterfaceOrientationPortrait UIInterfaceOrientationPortraitUpsideDown UIInterfaceOrientationLandscapeLeft UIInterfaceOrientationLandscapeRight";
				INFOPLIST_KEY_UISupportedInterfaceOrientations_iPhone = "UIInterfaceOrientationPortrait UIInterfaceOrientationLandscapeLeft UIInterfaceOrientationLandscapeRight";
				IPHONEOS_DEPLOYMENT_TARGET = 26.0;
				LD_RUNPATH_SEARCH_PATHS = (
					"$(inherited)",
					"@executable_path/Frameworks",
				);
				MARKETING_VERSION = 1.0;
				PRODUCT_BUNDLE_IDENTIFIER = "dawhambam.Batch25-10";
				PRODUCT_NAME = "$(TARGET_NAME)";
				STRING_CATALOG_GENERATE_SYMBOLS = YES;
				SWIFT_APPROACHABLE_CONCURRENCY = YES;
				SWIFT_DEFAULT_ACTOR_ISOLATION = MainActor;
				SWIFT_EMIT_LOC_STRINGS = YES;
				SWIFT_UPCOMING_FEATURE_MEMBER_IMPORT_VISIBILITY = YES;
				SWIFT_VERSION = 5.0;
				TARGETED_DEVICE_FAMILY = "1,2";
			};
			name = Release;
		};
/* End XCBuildConfiguration section */

/* Begin XCConfigurationList section */
		10A19A922F615CFC003E44BD /* Build configuration list for PBXProject "Batch25_10" */ = {
			isa = XCConfigurationList;
			buildConfigurations = (
				10A19AA02F615CFD003E44BD /* Debug */,
				10A19AA12F615CFD003E44BD /* Release */,
			);
			defaultConfigurationIsVisible = 0;
			defaultConfigurationName = Release;
		};
		10A19AA22F615CFD003E44BD /* Build configuration list for PBXNativeTarget "Batch25_10" */ = {
			isa = XCConfigurationList;
			buildConfigurations = (
				10A19AA32F615CFD003E44BD /* Debug */,
				10A19AA42F615CFD003E44BD /* Release */,
			);
			defaultConfigurationIsVisible = 0;
			defaultConfigurationName = Release;
		};
/* End XCConfigurationList section */

/* Begin XCRemoteSwiftPackageReference section */
		10855DFD2F7171DB0092D2F3 /* XCRemoteSwiftPackageReference "firebase-ios-sdk" */ = {
			isa = XCRemoteSwiftPackageReference;
			repositoryURL = "https://github.com/firebase/firebase-ios-sdk";
			requirement = {
				kind = upToNextMajorVersion;
				minimumVersion = 12.11.0;
			};
		};
/* End XCRemoteSwiftPackageReference section */

/* Begin XCSwiftPackageProductDependency section */
		10855E002F7171DB0092D2F3 /* FirebaseAnalyticsCore */ = {
			isa = XCSwiftPackageProductDependency;
			package = 10855DFD2F7171DB0092D2F3 /* XCRemoteSwiftPackageReference "firebase-ios-sdk" */;
			productName = FirebaseAnalyticsCore;
		};
		10855E022F7171DB0092D2F3 /* FirebaseAnalyticsIdentitySupport */ = {
			isa = XCSwiftPackageProductDependency;
			package = 10855DFD2F7171DB0092D2F3 /* XCRemoteSwiftPackageReference "firebase-ios-sdk" */;
			productName = FirebaseAnalyticsIdentitySupport;
		};
		10855E082F7171DB0092D2F3 /* FirebaseCore */ = {
			isa = XCSwiftPackageProductDependency;
			package = 10855DFD2F7171DB0092D2F3 /* XCRemoteSwiftPackageReference "firebase-ios-sdk" */;
			productName = FirebaseCore;
		};
		10855E0A2F7171DB0092D2F3 /* FirebaseCrashlytics */ = {
			isa = XCSwiftPackageProductDependency;
			package = 10855DFD2F7171DB0092D2F3 /* XCRemoteSwiftPackageReference "firebase-ios-sdk" */;
			productName = FirebaseCrashlytics;
		};
		10855E0C2F7171DB0092D2F3 /* FirebaseDatabase */ = {
			isa = XCSwiftPackageProductDependency;
			package = 10855DFD2F7171DB0092D2F3 /* XCRemoteSwiftPackageReference "firebase-ios-sdk" */;
			productName = FirebaseDatabase;
		};
		10855E0E2F7171DB0092D2F3 /* FirebaseFirestore */ = {
			isa = XCSwiftPackageProductDependency;
			package = 10855DFD2F7171DB0092D2F3 /* XCRemoteSwiftPackageReference "firebase-ios-sdk" */;
			productName = FirebaseFirestore;
		};
		10855E102F7171DB0092D2F3 /* FirebaseFirestoreCombine-Community */ = {
			isa = XCSwiftPackageProductDependency;
			package = 10855DFD2F7171DB0092D2F3 /* XCRemoteSwiftPackageReference "firebase-ios-sdk" */;
			productName = "FirebaseFirestoreCombine-Community";
		};
		10855E122F7171DB0092D2F3 /* FirebaseFunctions */ = {
			isa = XCSwiftPackageProductDependency;
			package = 10855DFD2F7171DB0092D2F3 /* XCRemoteSwiftPackageReference "firebase-ios-sdk" */;
			productName = FirebaseFunctions;
		};
		10855E192F7172A20092D2F3 /* FirebaseAnalytics */ = {
			isa = XCSwiftPackageProductDependency;
			package = 10855DFD2F7171DB0092D2F3 /* XCRemoteSwiftPackageReference "firebase-ios-sdk" */;
			productName = FirebaseAnalytics;
		};
		10855E1B2F7172CF0092D2F3 /* FirebaseAuthCombine-Community */ = {
			isa = XCSwiftPackageProductDependency;
			package = 10855DFD2F7171DB0092D2F3 /* XCRemoteSwiftPackageReference "firebase-ios-sdk" */;
			productName = "FirebaseAuthCombine-Community";
		};
		10C11D132F7281530062CDD7 /* FirebaseAuth */ = {
			isa = XCSwiftPackageProductDependency;
			package = 10855DFD2F7171DB0092D2F3 /* XCRemoteSwiftPackageReference "firebase-ios-sdk" */;
			productName = FirebaseAuth;
		};
/* End XCSwiftPackageProductDependency section */
	};
	rootObject = 10A19A8F2F615CFC003E44BD /* Project object */;
}
